github.com/chainguard-dev/clog v1.7.0 h1:guPznsK8vLHvzz1QJe2yU6MFeYaiSOFOQBYw4OXu+g8=
github.com/chainguard-dev/clog v1.7.0/go.mod h1:4+WFhRMsGH79etYXY3plYdp+tCz/KCkU8fAr0HoaPvs=
github.com/google/go-cmp v0.6.0 h1:ofyhxvXcZhMsU5ulbFiLKl/XBFqE1GSq7atu8tAmTRI=
github.com/google/go-cmp v0.6.0/go.mod h1:17dUlkBOakJ0+DkrSSNjCkIjxS6bF9zb3elmeNGIjoY=
github.com/sethvargo/go-envconfig v1.3.0 h1:gJs+Fuv8+f05omTpwWIu6KmuseFAXKrIaOZSh8RMt0U=
github.com/sethvargo/go-envconfig v1.3.0/go.mod h1:JLd0KFWQYzyENqnEPWWZ49i4vzZo/6nRidxI8YvGiHw=
